// !$*UTF8*$!
{
	archiveVersion = 1;
	classes = {
	};
	objectVersion = 52;
	objects = {

/* Begin PBXBuildFile section */
		7749817227972A5600CA7069 /* MyTimer.swift in Sources */ = {isa = PBXBuildFile; fileRef = 7749817127972A5600CA7069 /* MyTimer.swift */; };
		77498174279E97AD00CA7069 /* CurrencyVC.swift in Sources */ = {isa = PBXBuildFile; fileRef = 77498173279E97AD00CA7069 /* CurrencyVC.swift */; };
		77498176279E97BB00CA7069 /* CoinRateVC.swift in Sources */ = {isa = PBXBuildFile; fileRef = 77498175279E97BB00CA7069 /* CoinRateVC.swift */; };
		774C253A27AD85860058DDA5 /* HistoryData.swift in Sources */ = {isa = PBXBuildFile; fileRef = 774C253927AD85860058DDA5 /* HistoryData.swift */; };
		77530EE527A18F5D00EB52A4 /* SnapKit in Frameworks */ = {isa = PBXBuildFile; productRef = 77530EE427A18F5D00EB52A4 /* SnapKit */; };
		77530EEB27A2FDC600EB52A4 /* RateHistoryVC.swift in Sources */ = {isa = PBXBuildFile; fileRef = 77530EEA27A2FDC600EB52A4 /* RateHistoryVC.swift */; };
		775BA83227C3ABBB00883AD3 /* ImageStorageManager.swift in Sources */ = {isa = PBXBuildFile; fileRef = 775BA83127C3ABBB00883AD3 /* ImageStorageManager.swift */; };
		7786DC0F27B40D54003BE0DB /* UITableView+extension.swift in Sources */ = {isa = PBXBuildFile; fileRef = 7786DC0E27B40D54003BE0DB /* UITableView+extension.swift */; };
		77D94F9427BC22E300BD24B2 /* NetworkManager.swift in Sources */ = {isa = PBXBuildFile; fileRef = 77D94F9327BC22E300BD24B2 /* NetworkManager.swift */; };
		77D94F9627BEA63800BD24B2 /* Extensions.swift in Sources */ = {isa = PBXBuildFile; fileRef = 77D94F9527BEA63800BD24B2 /* Extensions.swift */; };
		77E45B252791E8CE008906E0 /* Currency.swift in Sources */ = {isa = PBXBuildFile; fileRef = 77E45B242791E8CE008906E0 /* Currency.swift */; };
		77F9426427B41F1F00ED14E2 /* CurrenciesView.swift in Sources */ = {isa = PBXBuildFile; fileRef = 77F9426327B41F1F00ED14E2 /* CurrenciesView.swift */; };
		77F9426627B41F3100ED14E2 /* CoinRateView.swift in Sources */ = {isa = PBXBuildFile; fileRef = 77F9426527B41F3100ED14E2 /* CoinRateView.swift */; };
		77F9426827B41F4300ED14E2 /* RateHistoryView.swift in Sources */ = {isa = PBXBuildFile; fileRef = 77F9426727B41F4300ED14E2 /* RateHistoryView.swift */; };
		77F9426B27B6718D00ED14E2 /* MockCoinManager.swift in Sources */ = {isa = PBXBuildFile; fileRef = 77F9426A27B6718D00ED14E2 /* MockCoinManager.swift */; };
		77F9426F27B6AB3800ED14E2 /* CoinProtocol.swift in Sources */ = {isa = PBXBuildFile; fileRef = 77F9426E27B6AB3800ED14E2 /* CoinProtocol.swift */; };
		DC67031B27074190003E7F3D /* AppDelegate.swift in Sources */ = {isa = PBXBuildFile; fileRef = DC67031A27074190003E7F3D /* AppDelegate.swift */; };
		DC67031D27074190003E7F3D /* SceneDelegate.swift in Sources */ = {isa = PBXBuildFile; fileRef = DC67031C27074190003E7F3D /* SceneDelegate.swift */; };
		DC67032427074193003E7F3D /* Assets.xcassets in Resources */ = {isa = PBXBuildFile; fileRef = DC67032327074193003E7F3D /* Assets.xcassets */; };
		DC67032727074193003E7F3D /* LaunchScreen.storyboard in Resources */ = {isa = PBXBuildFile; fileRef = DC67032527074193003E7F3D /* LaunchScreen.storyboard */; };
		DC67033227076C36003E7F3D /* CoinManager.swift in Sources */ = {isa = PBXBuildFile; fileRef = DC67033127076C36003E7F3D /* CoinManager.swift */; };
		DC85021C270B3BCC005B0045 /* CoinModel.swift in Sources */ = {isa = PBXBuildFile; fileRef = DC85021B270B3BCC005B0045 /* CoinModel.swift */; };
/* End PBXBuildFile section */

/* Begin PBXFileReference section */
		7749817127972A5600CA7069 /* MyTimer.swift */ = {isa = PBXFileReference; lastKnownFileType = sourcecode.swift; path = MyTimer.swift; sourceTree = "<group>"; };
		77498173279E97AD00CA7069 /* CurrencyVC.swift */ = {isa = PBXFileReference; lastKnownFileType = sourcecode.swift; path = CurrencyVC.swift; sourceTree = "<group>"; };
		77498175279E97BB00CA7069 /* CoinRateVC.swift */ = {isa = PBXFileReference; lastKnownFileType = sourcecode.swift; path = CoinRateVC.swift; sourceTree = "<group>"; };
		774C253927AD85860058DDA5 /* HistoryData.swift */ = {isa = PBXFileReference; lastKnownFileType = sourcecode.swift; path = HistoryData.swift; sourceTree = "<group>"; };
		77530EEA27A2FDC600EB52A4 /* RateHistoryVC.swift */ = {isa = PBXFileReference; lastKnownFileType = sourcecode.swift; path = RateHistoryVC.swift; sourceTree = "<group>"; };
		775BA83127C3ABBB00883AD3 /* ImageStorageManager.swift */ = {isa = PBXFileReference; lastKnownFileType = sourcecode.swift; path = ImageStorageManager.swift; sourceTree = "<group>"; };
		7786DC0E27B40D54003BE0DB /* UITableView+extension.swift */ = {isa = PBXFileReference; lastKnownFileType = sourcecode.swift; path = "UITableView+extension.swift"; sourceTree = "<group>"; };
		77D94F9327BC22E300BD24B2 /* NetworkManager.swift */ = {isa = PBXFileReference; lastKnownFileType = sourcecode.swift; path = NetworkManager.swift; sourceTree = "<group>"; };
		77D94F9527BEA63800BD24B2 /* Extensions.swift */ = {isa = PBXFileReference; lastKnownFileType = sourcecode.swift; path = Extensions.swift; sourceTree = "<group>"; };
		77E45B242791E8CE008906E0 /* Currency.swift */ = {isa = PBXFileReference; lastKnownFileType = sourcecode.swift; path = Currency.swift; sourceTree = "<group>"; };
		77F9426327B41F1F00ED14E2 /* CurrenciesView.swift */ = {isa = PBXFileReference; lastKnownFileType = sourcecode.swift; path = CurrenciesView.swift; sourceTree = "<group>"; };
		77F9426527B41F3100ED14E2 /* CoinRateView.swift */ = {isa = PBXFileReference; lastKnownFileType = sourcecode.swift; path = CoinRateView.swift; sourceTree = "<group>"; };
		77F9426727B41F4300ED14E2 /* RateHistoryView.swift */ = {isa = PBXFileReference; lastKnownFileType = sourcecode.swift; path = RateHistoryView.swift; sourceTree = "<group>"; };
		77F9426A27B6718D00ED14E2 /* MockCoinManager.swift */ = {isa = PBXFileReference; lastKnownFileType = sourcecode.swift; path = MockCoinManager.swift; sourceTree = "<group>"; };
		77F9426E27B6AB3800ED14E2 /* CoinProtocol.swift */ = {isa = PBXFileReference; lastKnownFileType = sourcecode.swift; path = CoinProtocol.swift; sourceTree = "<group>"; };
		DC67031727074190003E7F3D /* ByteCoinNew.app */ = {isa = PBXFileReference; explicitFileType = wrapper.application; includeInIndex = 0; path = ByteCoinNew.app; sourceTree = BUILT_PRODUCTS_DIR; };
		DC67031A27074190003E7F3D /* AppDelegate.swift */ = {isa = PBXFileReference; lastKnownFileType = sourcecode.swift; path = AppDelegate.swift; sourceTree = "<group>"; };
		DC67031C27074190003E7F3D /* SceneDelegate.swift */ = {isa = PBXFileReference; lastKnownFileType = sourcecode.swift; path = SceneDelegate.swift; sourceTree = "<group>"; };
		DC67032327074193003E7F3D /* Assets.xcassets */ = {isa = PBXFileReference; lastKnownFileType = folder.assetcatalog; path = Assets.xcassets; sourceTree = "<group>"; };
		DC67032627074193003E7F3D /* Base */ = {isa = PBXFileReference; lastKnownFileType = file.storyboard; name = Base; path = Base.lproj/LaunchScreen.storyboard; sourceTree = "<group>"; };
		DC67032827074193003E7F3D /* Info.plist */ = {isa = PBXFileReference; lastKnownFileType = text.plist.xml; path = Info.plist; sourceTree = "<group>"; };
		DC67033127076C36003E7F3D /* CoinManager.swift */ = {isa = PBXFileReference; lastKnownFileType = sourcecode.swift; path = CoinManager.swift; sourceTree = "<group>"; };
		DC85021B270B3BCC005B0045 /* CoinModel.swift */ = {isa = PBXFileReference; lastKnownFileType = sourcecode.swift; path = CoinModel.swift; sourceTree = "<group>"; };
/* End PBXFileReference section */

/* Begin PBXFrameworksBuildPhase section */
		DC67031427074190003E7F3D /* Frameworks */ = {
			isa = PBXFrameworksBuildPhase;
			buildActionMask = 2147483647;
			files = (
				77530EE527A18F5D00EB52A4 /* SnapKit in Frameworks */,
			);
			runOnlyForDeploymentPostprocessing = 0;
		};
/* End PBXFrameworksBuildPhase section */

/* Begin PBXGroup section */
		775BA83327C3B71D00883AD3 /* Storage */ = {
			isa = PBXGroup;
			children = (
				775BA83127C3ABBB00883AD3 /* ImageStorageManager.swift */,
			);
			path = Storage;
			sourceTree = "<group>";
		};
		7786DC0D27B40D34003BE0DB /* Common */ = {
			isa = PBXGroup;
			children = (
				7749817127972A5600CA7069 /* MyTimer.swift */,
				7786DC0E27B40D54003BE0DB /* UITableView+extension.swift */,
				77D94F9527BEA63800BD24B2 /* Extensions.swift */,
			);
			path = Common;
			sourceTree = "<group>";
		};
		77F9426227B41E1E00ED14E2 /* View */ = {
			isa = PBXGroup;
			children = (
				77F9426327B41F1F00ED14E2 /* CurrenciesView.swift */,
				77F9426527B41F3100ED14E2 /* CoinRateView.swift */,
				77F9426727B41F4300ED14E2 /* RateHistoryView.swift */,
			);
			path = View;
			sourceTree = "<group>";
		};
		77F9426C27B6AAE700ED14E2 /* Managers */ = {
			isa = PBXGroup;
			children = (
				DC67033127076C36003E7F3D /* CoinManager.swift */,
				77D94F9327BC22E300BD24B2 /* NetworkManager.swift */,
				77F9426A27B6718D00ED14E2 /* MockCoinManager.swift */,
				77F9426E27B6AB3800ED14E2 /* CoinProtocol.swift */,
			);
			path = Managers;
			sourceTree = "<group>";
		};
		77F9426D27B6AAF600ED14E2 /* DTO */ = {
			isa = PBXGroup;
			children = (
				77E45B242791E8CE008906E0 /* Currency.swift */,
				DC85021B270B3BCC005B0045 /* CoinModel.swift */,
				774C253927AD85860058DDA5 /* HistoryData.swift */,
			);
			path = DTO;
			sourceTree = "<group>";
		};
		DC67030E27074190003E7F3D = {
			isa = PBXGroup;
			children = (
				DC67031927074190003E7F3D /* ByteCoinNew */,
				DC67031827074190003E7F3D /* Products */,
			);
			sourceTree = "<group>";
		};
		DC67031827074190003E7F3D /* Products */ = {
			isa = PBXGroup;
			children = (
				DC67031727074190003E7F3D /* ByteCoinNew.app */,
			);
			name = Products;
			sourceTree = "<group>";
		};
		DC67031927074190003E7F3D /* ByteCoinNew */ = {
			isa = PBXGroup;
			children = (
				DC670330270741BA003E7F3D /* Model */,
				77F9426227B41E1E00ED14E2 /* View */,
				DC67032F270741B0003E7F3D /* Controller */,
				7786DC0D27B40D34003BE0DB /* Common */,
				DC67031A27074190003E7F3D /* AppDelegate.swift */,
				DC67031C27074190003E7F3D /* SceneDelegate.swift */,
				DC67032327074193003E7F3D /* Assets.xcassets */,
				DC67032527074193003E7F3D /* LaunchScreen.storyboard */,
				DC67032827074193003E7F3D /* Info.plist */,
			);
			path = ByteCoinNew;
			sourceTree = "<group>";
		};
		DC67032F270741B0003E7F3D /* Controller */ = {
			isa = PBXGroup;
			children = (
				77498173279E97AD00CA7069 /* CurrencyVC.swift */,
				77498175279E97BB00CA7069 /* CoinRateVC.swift */,
				77530EEA27A2FDC600EB52A4 /* RateHistoryVC.swift */,
			);
			path = Controller;
			sourceTree = "<group>";
		};
		DC670330270741BA003E7F3D /* Model */ = {
			isa = PBXGroup;
			children = (
				77F9426C27B6AAE700ED14E2 /* Managers */,
				775BA83327C3B71D00883AD3 /* Storage */,
				77F9426D27B6AAF600ED14E2 /* DTO */,
			);
			path = Model;
			sourceTree = "<group>";
		};
/* End PBXGroup section */

/* Begin PBXNativeTarget section */
		DC67031627074190003E7F3D /* ByteCoinNew */ = {
			isa = PBXNativeTarget;
			buildConfigurationList = DC67032B27074193003E7F3D /* Build configuration list for PBXNativeTarget "ByteCoinNew" */;
			buildPhases = (
				DC67031327074190003E7F3D /* Sources */,
				DC67031427074190003E7F3D /* Frameworks */,
				DC67031527074190003E7F3D /* Resources */,
			);
			buildRules = (
			);
			dependencies = (
			);
			name = ByteCoinNew;
			packageProductDependencies = (
				77530EE427A18F5D00EB52A4 /* SnapKit */,
			);
			productName = ByteCoinNew;
			productReference = DC67031727074190003E7F3D /* ByteCoinNew.app */;
			productType = "com.apple.product-type.application";
		};
/* End PBXNativeTarget section */

/* Begin PBXProject section */
		DC67030F27074190003E7F3D /* Project object */ = {
			isa = PBXProject;
			attributes = {
				LastSwiftUpdateCheck = 1250;
				LastUpgradeCheck = 1250;
				TargetAttributes = {
					DC67031627074190003E7F3D = {
						CreatedOnToolsVersion = 12.5.1;
					};
				};
			};
			buildConfigurationList = DC67031227074190003E7F3D /* Build configuration list for PBXProject "ByteCoinNew" */;
			compatibilityVersion = "Xcode 9.3";
			developmentRegion = en;
			hasScannedForEncodings = 0;
			knownRegions = (
				en,
				Base,
			);
			mainGroup = DC67030E27074190003E7F3D;
			packageReferences = (
				77530EE327A18F5D00EB52A4 /* XCRemoteSwiftPackageReference "SnapKit" */,
			);
			productRefGroup = DC67031827074190003E7F3D /* Products */;
			projectDirPath = "";
			projectRoot = "";
			targets = (
				DC67031627074190003E7F3D /* ByteCoinNew */,
			);
		};
/* End PBXProject section */

/* Begin PBXResourcesBuildPhase section */
		DC67031527074190003E7F3D /* Resources */ = {
			isa = PBXResourcesBuildPhase;
			buildActionMask = 2147483647;
			files = (
				DC67032727074193003E7F3D /* LaunchScreen.storyboard in Resources */,
				DC67032427074193003E7F3D /* Assets.xcassets in Resources */,
			);
			runOnlyForDeploymentPostprocessing = 0;
		};
/* End PBXResourcesBuildPhase section */

/* Begin PBXSourcesBuildPhase section */
		DC67031327074190003E7F3D /* Sources */ = {
			isa = PBXSourcesBuildPhase;
			buildActionMask = 2147483647;
			files = (
				77498174279E97AD00CA7069 /* CurrencyVC.swift in Sources */,
				77D94F9627BEA63800BD24B2 /* Extensions.swift in Sources */,
				77530EEB27A2FDC600EB52A4 /* RateHistoryVC.swift in Sources */,
				7786DC0F27B40D54003BE0DB /* UITableView+extension.swift in Sources */,
				77E45B252791E8CE008906E0 /* Currency.swift in Sources */,
				775BA83227C3ABBB00883AD3 /* ImageStorageManager.swift in Sources */,
				DC67033227076C36003E7F3D /* CoinManager.swift in Sources */,
				77498176279E97BB00CA7069 /* CoinRateVC.swift in Sources */,
				77F9426627B41F3100ED14E2 /* CoinRateView.swift in Sources */,
				774C253A27AD85860058DDA5 /* HistoryData.swift in Sources */,
				77F9426F27B6AB3800ED14E2 /* CoinProtocol.swift in Sources */,
				DC67031B27074190003E7F3D /* AppDelegate.swift in Sources */,
				77D94F9427BC22E300BD24B2 /* NetworkManager.swift in Sources */,
				DC85021C270B3BCC005B0045 /* CoinModel.swift in Sources */,
				77F9426427B41F1F00ED14E2 /* CurrenciesView.swift in Sources */,
				77F9426827B41F4300ED14E2 /* RateHistoryView.swift in Sources */,
				DC67031D27074190003E7F3D /* SceneDelegate.swift in Sources */,
				7749817227972A5600CA7069 /* MyTimer.swift in Sources */,
				77F9426B27B6718D00ED14E2 /* MockCoinManager.swift in Sources */,
			);
			runOnlyForDeploymentPostprocessing = 0;
		};
/* End PBXSourcesBuildPhase section */

/* Begin PBXVariantGroup section */
		DC67032527074193003E7F3D /* LaunchScreen.storyboard */ = {
			isa = PBXVariantGroup;
			children = (
				DC67032627074193003E7F3D /* Base */,
			);
			name = LaunchScreen.storyboard;
			sourceTree = "<group>";
		};
/* End PBXVariantGroup section */

/* Begin XCBuildConfiguration section */
		DC67032927074193003E7F3D /* Debug */ = {
			isa = XCBuildConfiguration;
			buildSettings = {
				ALWAYS_SEARCH_USER_PATHS = NO;
				CLANG_ANALYZER_NONNULL = YES;
				CLANG_ANALYZER_NUMBER_OBJECT_CONVERSION = YES_AGGRESSIVE;
				CLANG_CXX_LANGUAGE_STANDARD = "gnu++14";
				CLANG_CXX_LIBRARY = "libc++";
				CLANG_ENABLE_MODULES = YES;
				CLANG_ENABLE_OBJC_ARC = YES;
				CLANG_ENABLE_OBJC_WEAK = YES;
				CLANG_WARN_BLOCK_CAPTURE_AUTORELEASING = YES;
				CLANG_WARN_BOOL_CONVERSION = YES;
				CLANG_WARN_COMMA = YES;
				CLANG_WARN_CONSTANT_CONVERSION = YES;
				CLANG_WARN_DEPRECATED_OBJC_IMPLEMENTATIONS = YES;
				CLANG_WARN_DIRECT_OBJC_ISA_USAGE = YES_ERROR;
				CLANG_WARN_DOCUMENTATION_COMMENTS = YES;
				CLANG_WARN_EMPTY_BODY = YES;
				CLANG_WARN_ENUM_CONVERSION = YES;
				CLANG_WARN_INFINITE_RECURSION = YES;
				CLANG_WARN_INT_CONVERSION = YES;
				CLANG_WARN_NON_LITERAL_NULL_CONVERSION = YES;
				CLANG_WARN_OBJC_IMPLICIT_RETAIN_SELF = YES;
				CLANG_WARN_OBJC_LITERAL_CONVERSION = YES;
				CLANG_WARN_OBJC_ROOT_CLASS = YES_ERROR;
				CLANG_WARN_QUOTED_INCLUDE_IN_FRAMEWORK_HEADER = YES;
				CLANG_WARN_RANGE_LOOP_ANALYSIS = YES;
				CLANG_WARN_STRICT_PROTOTYPES = YES;
				CLANG_WARN_SUSPICIOUS_MOVE = YES;
				CLANG_WARN_UNGUARDED_AVAILABILITY = YES_AGGRESSIVE;
				CLANG_WARN_UNREACHABLE_CODE = YES;
				CLANG_WARN__DUPLICATE_METHOD_MATCH = YES;
				COPY_PHASE_STRIP = NO;
				DEBUG_INFORMATION_FORMAT = dwarf;
				ENABLE_STRICT_OBJC_MSGSEND = YES;
				ENABLE_TESTABILITY = YES;
				GCC_C_LANGUAGE_STANDARD = gnu11;
				GCC_DYNAMIC_NO_PIC = NO;
				GCC_NO_COMMON_BLOCKS = YES;
				GCC_OPTIMIZATION_LEVEL = 0;
				GCC_PREPROCESSOR_DEFINITIONS = (
					"DEBUG=1",
					"$(inherited)",
				);
				GCC_WARN_64_TO_32_BIT_CONVERSION = YES;
				GCC_WARN_ABOUT_RETURN_TYPE = YES_ERROR;
				GCC_WARN_UNDECLARED_SELECTOR = YES;
				GCC_WARN_UNINITIALIZED_AUTOS = YES_AGGRESSIVE;
				GCC_WARN_UNUSED_FUNCTION = YES;
				GCC_WARN_UNUSED_VARIABLE = YES;
				IPHONEOS_DEPLOYMENT_TARGET = 14.5;
				MTL_ENABLE_DEBUG_INFO = INCLUDE_SOURCE;
				MTL_FAST_MATH = YES;
				ONLY_ACTIVE_ARCH = YES;
				SDKROOT = iphoneos;
				SWIFT_ACTIVE_COMPILATION_CONDITIONS = DEBUG;
				SWIFT_OPTIMIZATION_LEVEL = "-Onone";
			};
			name = Debug;
		};
		DC67032A27074193003E7F3D /* Release */ = {
			isa = XCBuildConfiguration;
			buildSettings = {
				ALWAYS_SEARCH_USER_PATHS = NO;
				CLANG_ANALYZER_NONNULL = YES;
				CLANG_ANALYZER_NUMBER_OBJECT_CONVERSION = YES_AGGRESSIVE;
				CLANG_CXX_LANGUAGE_STANDARD = "gnu++14";
				CLANG_CXX_LIBRARY = "libc++";
				CLANG_ENABLE_MODULES = YES;
				CLANG_ENABLE_OBJC_ARC = YES;
				CLANG_ENABLE_OBJC_WEAK = YES;
				CLANG_WARN_BLOCK_CAPTURE_AUTORELEASING = YES;
				CLANG_WARN_BOOL_CONVERSION = YES;
				CLANG_WARN_COMMA = YES;
				CLANG_WARN_CONSTANT_CONVERSION = YES;
				CLANG_WARN_DEPRECATED_OBJC_IMPLEMENTATIONS = YES;
				CLANG_WARN_DIRECT_OBJC_ISA_USAGE = YES_ERROR;
				CLANG_WARN_DOCUMENTATION_COMMENTS = YES;
				CLANG_WARN_EMPTY_BODY = YES;
				CLANG_WARN_ENUM_CONVERSION = YES;
				CLANG_WARN_INFINITE_RECURSION = YES;
				CLANG_WARN_INT_CONVERSION = YES;
				CLANG_WARN_NON_LITERAL_NULL_CONVERSION = YES;
				CLANG_WARN_OBJC_IMPLICIT_RETAIN_SELF = YES;
				CLANG_WARN_OBJC_LITERAL_CONVERSION = YES;
				CLANG_WARN_OBJC_ROOT_CLASS = YES_ERROR;
				CLANG_WARN_QUOTED_INCLUDE_IN_FRAMEWORK_HEADER = YES;
				CLANG_WARN_RANGE_LOOP_ANALYSIS = YES;
				CLANG_WARN_STRICT_PROTOTYPES = YES;
				CLANG_WARN_SUSPICIOUS_MOVE = YES;
				CLANG_WARN_UNGUARDED_AVAILABILITY = YES_AGGRESSIVE;
				CLANG_WARN_UNREACHABLE_CODE = YES;
				CLANG_WARN__DUPLICATE_METHOD_MATCH = YES;
				COPY_PHASE_STRIP = NO;
				DEBUG_INFORMATION_FORMAT = "dwarf-with-dsym";
				ENABLE_NS_ASSERTIONS = NO;
				ENABLE_STRICT_OBJC_MSGSEND = YES;
				GCC_C_LANGUAGE_STANDARD = gnu11;
				GCC_NO_COMMON_BLOCKS = YES;
				GCC_WARN_64_TO_32_BIT_CONVERSION = YES;
				GCC_WARN_ABOUT_RETURN_TYPE = YES_ERROR;
				GCC_WARN_UNDECLARED_SELECTOR = YES;
				GCC_WARN_UNINITIALIZED_AUTOS = YES_AGGRESSIVE;
				GCC_WARN_UNUSED_FUNCTION = YES;
				GCC_WARN_UNUSED_VARIABLE = YES;
				IPHONEOS_DEPLOYMENT_TARGET = 14.5;
				MTL_ENABLE_DEBUG_INFO = NO;
				MTL_FAST_MATH = YES;
				SDKROOT = iphoneos;
				SWIFT_COMPILATION_MODE = wholemodule;
				SWIFT_OPTIMIZATION_LEVEL = "-O";
				VALIDATE_PRODUCT = YES;
			};
			name = Release;
		};
		DC67032C27074193003E7F3D /* Debug */ = {
			isa = XCBuildConfiguration;
			buildSettings = {
				ASSETCATALOG_COMPILER_APPICON_NAME = AppIcon;
				ASSETCATALOG_COMPILER_GLOBAL_ACCENT_COLOR_NAME = AccentColor;
				CODE_SIGN_STYLE = Automatic;
				DEVELOPMENT_TEAM = H7H9P2C2C5;
				INFOPLIST_FILE = ByteCoinNew/Info.plist;
				IPHONEOS_DEPLOYMENT_TARGET = 13.0;
				LD_RUNPATH_SEARCH_PATHS = (
					"$(inherited)",
					"@executable_path/Frameworks",
				);
				PRODUCT_BUNDLE_IDENTIFIER = "Egor-Tushev.ByteCoinNew1";
				PRODUCT_NAME = "$(TARGET_NAME)";
				SWIFT_VERSION = 5.0;
				TARGETED_DEVICE_FAMILY = "1,2";
			};
			name = Debug;
		};
		DC67032D27074193003E7F3D /* Release */ = {
			isa = XCBuildConfiguration;
			buildSettings = {
				ASSETCATALOG_COMPILER_APPICON_NAME = AppIcon;
				ASSETCATALOG_COMPILER_GLOBAL_ACCENT_COLOR_NAME = AccentColor;
				CODE_SIGN_STYLE = Automatic;
				DEVELOPMENT_TEAM = H7H9P2C2C5;
				INFOPLIST_FILE = ByteCoinNew/Info.plist;
				IPHONEOS_DEPLOYMENT_TARGET = 13.0;
				LD_RUNPATH_SEARCH_PATHS = (
					"$(inherited)",
					"@executable_path/Frameworks",
				);
				PRODUCT_BUNDLE_IDENTIFIER = "Egor-Tushev.ByteCoinNew1";
				PRODUCT_NAME = "$(TARGET_NAME)";
				SWIFT_VERSION = 5.0;
				TARGETED_DEVICE_FAMILY = "1,2";
			};
			name = Release;
		};
/* End XCBuildConfiguration section */

/* Begin XCConfigurationList section */
		DC67031227074190003E7F3D /* Build configuration list for PBXProject "ByteCoinNew" */ = {
			isa = XCConfigurationList;
			buildConfigurations = (
				DC67032927074193003E7F3D /* Debug */,
				DC67032A27074193003E7F3D /* Release */,
			);
			defaultConfigurationIsVisible = 0;
			defaultConfigurationName = Release;
		};
		DC67032B27074193003E7F3D /* Build configuration list for PBXNativeTarget "ByteCoinNew" */ = {
			isa = XCConfigurationList;
			buildConfigurations = (
				DC67032C27074193003E7F3D /* Debug */,
				DC67032D27074193003E7F3D /* Release */,
			);
			defaultConfigurationIsVisible = 0;
			defaultConfigurationName = Release;
		};
/* End XCConfigurationList section */

/* Begin XCRemoteSwiftPackageReference section */
		77530EE327A18F5D00EB52A4 /* XCRemoteSwiftPackageReference "SnapKit" */ = {
			isa = XCRemoteSwiftPackageReference;
			repositoryURL = "https://github.com/SnapKit/SnapKit";
			requirement = {
				kind = upToNextMajorVersion;
				minimumVersion = 5.0.0;
			};
		};
/* End XCRemoteSwiftPackageReference section */

/* Begin XCSwiftPackageProductDependency section */
		77530EE427A18F5D00EB52A4 /* SnapKit */ = {
			isa = XCSwiftPackageProductDependency;
			package = 77530EE327A18F5D00EB52A4 /* XCRemoteSwiftPackageReference "SnapKit" */;
			productName = SnapKit;
		};
/* End XCSwiftPackageProductDependency section */
	};
	rootObject = DC67030F27074190003E7F3D /* Project object */;
}
